
Microsoft Visual Studio Solution File, Format Version 12.00
# Visual Studio Version 17
VisualStudioVersion = 17.14.36414.22 d17.14
MinimumVisualStudioVersion = 10.0.40219.1
Project("{FAE04EC0-301F-11D3-BF4B-00C04F79EFBC}") = "SlutUppgift_CookMaster", "SlutUppgift_CookMaster\SlutUppgift_CookMaster.csproj", "{30278FA0-ECD7-40EB-9680-19665AA48182}"
EndProject
Global
	GlobalSection(SolutionConfigurationPlatforms) = preSolution
		Debug|Any CPU = Debug|Any CPU
		Release|Any CPU = Release|Any CPU
	EndGlobalSection
	GlobalSection(ProjectConfigurationPlatforms) = postSolution
		{30278FA0-ECD7-40EB-9680-19665AA48182}.Debug|Any CPU.ActiveCfg = Debug|Any CPU
		{30278FA0-ECD7-40EB-9680-19665AA48182}.Debug|Any CPU.Build.0 = Debug|Any CPU
		{30278FA0-ECD7-40EB-9680-19665AA48182}.Release|Any CPU.ActiveCfg = Release|Any CPU
		{30278FA0-ECD7-40EB-9680-19665AA48182}.Release|Any CPU.Build.0 = Release|Any CPU
	EndGlobalSection
	GlobalSection(SolutionProperties) = preSolution
		HideSolutionNode = FALSE
	EndGlobalSection
	GlobalSection(ExtensibilityGlobals) = postSolution
		SolutionGuid = {C59D2D97-3507-40A7-B6E5-14D4357F7F4A}
	EndGlobalSection
EndGlobal
